// !$*UTF8*$!
{
	archiveVersion = 1;
	classes = {
	};
	objectVersion = 54;
	objects = {

/* Begin PBXBuildFile section */
		3472FB161DDAC81E00A35FCB /* Party.swift in Sources */ = {isa = PBXBuildFile; fileRef = 3472FB151DDAC81E00A35FCB /* Party.swift */; };
		34D750E01E32E9C5009AFD63 /* MultipeerManager.swift in Sources */ = {isa = PBXBuildFile; fileRef = 34D750DF1E32E9C5009AFD63 /* MultipeerManager.swift */; };
		41045F2F1E39AD6D00A29830 /* AVFoundation.framework in Frameworks */ = {isa = PBXBuildFile; fileRef = 41045F2E1E39AD6D00A29830 /* AVFoundation.framework */; };
		41045F311E39AD7E00A29830 /* SystemConfiguration.framework in Frameworks */ = {isa = PBXBuildFile; fileRef = 41045F301E39AD7E00A29830 /* SystemConfiguration.framework */; };
		4113CFE71F36163F000628B1 /* partyNameTextField.swift in Sources */ = {isa = PBXBuildFile; fileRef = 4113CFE61F36163F000628B1 /* partyNameTextField.swift */; };
		4113CFE91F362420000628B1 /* Automation.swift in Sources */ = {isa = PBXBuildFile; fileRef = 4113CFE81F362420000628B1 /* Automation.swift */; };
		411688751F2A69EB00C3CD4A /* PartyConnection.swift in Sources */ = {isa = PBXBuildFile; fileRef = 411688741F2A69EB00C3CD4A /* PartyConnection.swift */; };
		411688771F2A727500C3CD4A /* RequestType.swift in Sources */ = {isa = PBXBuildFile; fileRef = 411688761F2A727500C3CD4A /* RequestType.swift */; };
		411688791F2F236F00C3CD4A /* AppleMusicFetcher.swift in Sources */ = {isa = PBXBuildFile; fileRef = 411688781F2F236F00C3CD4A /* AppleMusicFetcher.swift */; };
		4116887C1F2F248300C3CD4A /* AppleMusicURLFactory.swift in Sources */ = {isa = PBXBuildFile; fileRef = 4116887B1F2F248300C3CD4A /* AppleMusicURLFactory.swift */; };
		411688831F320E5100C3CD4A /* SpotifyFetcher.swift in Sources */ = {isa = PBXBuildFile; fileRef = 411688821F320E5100C3CD4A /* SpotifyFetcher.swift */; };
		412F98181F4F731A0055A9FA /* PartiesListViewController.swift in Sources */ = {isa = PBXBuildFile; fileRef = 412F98171F4F731A0055A9FA /* PartiesListViewController.swift */; };
		412F981B1F4F75E70055A9FA /* OptionTableViewCell.swift in Sources */ = {isa = PBXBuildFile; fileRef = 412F981A1F4F75E70055A9FA /* OptionTableViewCell.swift */; };
		412F981F1F51906F0055A9FA /* RKNotificationHub.framework in Frameworks */ = {isa = PBXBuildFile; fileRef = 412F981E1F51906F0055A9FA /* RKNotificationHub.framework */; };
		412F98211F5190740055A9FA /* NVActivityIndicatorView.framework in Frameworks */ = {isa = PBXBuildFile; fileRef = 412F98201F5190740055A9FA /* NVActivityIndicatorView.framework */; };
		412FBED11E32CFA7007FFB6A /* MusicPlayer.swift in Sources */ = {isa = PBXBuildFile; fileRef = 412FBED01E32CFA7007FFB6A /* MusicPlayer.swift */; };
		413533291E8DE4C600BE5B0F /* MusicService.swift in Sources */ = {isa = PBXBuildFile; fileRef = 413533281E8DE4C600BE5B0F /* MusicService.swift */; };
		4138C3471F541CE500F9554A /* SEFont.swift in Sources */ = {isa = PBXBuildFile; fileRef = 4138C3461F541CE500F9554A /* SEFont.swift */; };
		414021151F5218F300B1CDAC /* Localizable.strings in Resources */ = {isa = PBXBuildFile; fileRef = 414021131F5218F300B1CDAC /* Localizable.strings */; };
		414021181F521AC100B1CDAC /* Main.storyboard in Resources */ = {isa = PBXBuildFile; fileRef = 4140211A1F521AC100B1CDAC /* Main.storyboard */; };
		414BF7DB1F3B3B660022289E /* MusicLibrarySelectionViewController.swift in Sources */ = {isa = PBXBuildFile; fileRef = 414BF7DA1F3B3B660022289E /* MusicLibrarySelectionViewController.swift */; };
		4164CCB51F40FEBE009EBAAF /* Option.swift in Sources */ = {isa = PBXBuildFile; fileRef = 4164CCB41F40FEBE009EBAAF /* Option.swift */; };
		4165512C1F279A5900FA33F5 /* BlankAudio.wav in Resources */ = {isa = PBXBuildFile; fileRef = 4165512B1F279A5900FA33F5 /* BlankAudio.wav */; };
		416551301F279EAC00FA33F5 /* BackgroundTask.swift in Sources */ = {isa = PBXBuildFile; fileRef = 4165512F1F279EAC00FA33F5 /* BackgroundTask.swift */; };
		416A25D51F3F76DD008F7D19 /* LibraryTracksViewController.swift in Sources */ = {isa = PBXBuildFile; fileRef = 416A25D41F3F76DD008F7D19 /* LibraryTracksViewController.swift */; };
		416E8C3F1F2A046E00F524E0 /* SpotifyConstants.swift in Sources */ = {isa = PBXBuildFile; fileRef = 416E8C3E1F2A046E00F524E0 /* SpotifyConstants.swift */; };
		41774CCC1F3B72BB00108470 /* AppConstants.swift in Sources */ = {isa = PBXBuildFile; fileRef = 41774CCB1F3B72BB00108470 /* AppConstants.swift */; };
		41774CCE1F3B7A2C00108470 /* AddTracksTabBarController.swift in Sources */ = {isa = PBXBuildFile; fileRef = 41774CCD1F3B7A2C00108470 /* AddTracksTabBarController.swift */; };
		41774CD81F3CE54C00108470 /* PlaylistSelectionViewController.swift in Sources */ = {isa = PBXBuildFile; fileRef = 41774CD71F3CE54C00108470 /* PlaylistSelectionViewController.swift */; };
		41774CDA1F3E267F00108470 /* PlaylistSubcategorySelectionViewController.swift in Sources */ = {isa = PBXBuildFile; fileRef = 41774CD91F3E267F00108470 /* PlaylistSubcategorySelectionViewController.swift */; };
		41774CDD1F3E26C900108470 /* PlaylistType.swift in Sources */ = {isa = PBXBuildFile; fileRef = 41774CDC1F3E26C900108470 /* PlaylistType.swift */; };
		41774CDF1F3E295D00108470 /* PlaylistSubcategoryTableViewCell.swift in Sources */ = {isa = PBXBuildFile; fileRef = 41774CDE1F3E295D00108470 /* PlaylistSubcategoryTableViewCell.swift */; };
		417B9D4B1E317C3C0021F36E /* PartyViewController.swift in Sources */ = {isa = PBXBuildFile; fileRef = 417B9D4A1E317C3C0021F36E /* PartyViewController.swift */; };
		417B9D4F1E318D0D0021F36E /* SearchViewController.swift in Sources */ = {isa = PBXBuildFile; fileRef = 417B9D4E1E318D0D0021F36E /* SearchViewController.swift */; };
		417B9D531E31B3CE0021F36E /* Track.swift in Sources */ = {isa = PBXBuildFile; fileRef = 417B9D521E31B3CE0021F36E /* Track.swift */; };
		417B9D571E31CD8D0021F36E /* TrackTableViewCell.swift in Sources */ = {isa = PBXBuildFile; fileRef = 417B9D561E31CD8D0021F36E /* TrackTableViewCell.swift */; };
		417C38DA1DDA43FD00F59926 /* LaunchScreen.storyboard in Resources */ = {isa = PBXBuildFile; fileRef = 417C38D81DDA43FD00F59926 /* LaunchScreen.storyboard */; };
		417C38EA1DDA91A100F59926 /* PartyCreationViewController.swift in Sources */ = {isa = PBXBuildFile; fileRef = 417C38E21DDA447600F59926 /* PartyCreationViewController.swift */; };
		417C38EC1DDA91A800F59926 /* InitialSetupViewController.swift in Sources */ = {isa = PBXBuildFile; fileRef = 417C38E11DDA447600F59926 /* InitialSetupViewController.swift */; };
		417C38EE1DDA91B100F59926 /* AppDelegate.swift in Sources */ = {isa = PBXBuildFile; fileRef = 417C38CC1DDA43FD00F59926 /* AppDelegate.swift */; };
		41835F901E81EE740082BA16 /* HubTableViewCell.swift in Sources */ = {isa = PBXBuildFile; fileRef = 41835F8F1E81EE740082BA16 /* HubTableViewCell.swift */; };
		418503F71E307BE900472006 /* setupButton.swift in Sources */ = {isa = PBXBuildFile; fileRef = 418503F61E307BE900472006 /* setupButton.swift */; };
		419F4AFA1F573A6D0006BB3C /* HintTableViewCell.swift in Sources */ = {isa = PBXBuildFile; fileRef = 419F4AF91F573A6D0006BB3C /* HintTableViewCell.swift */; };
		41A279E81F28DE1700C218A2 /* Pods_WeJ.framework in Frameworks */ = {isa = PBXBuildFile; fileRef = 41A279E31F28DE1700C218A2 /* Pods_WeJ.framework */; };
		41A279E91F28DE1700C218A2 /* SwiftyJSON.framework in Frameworks */ = {isa = PBXBuildFile; fileRef = 41A279E41F28DE1700C218A2 /* SwiftyJSON.framework */; };
		41A279EB1F28E54300C218A2 /* Appearance.swift in Sources */ = {isa = PBXBuildFile; fileRef = 41A279EA1F28E54300C218A2 /* Appearance.swift */; };
		41A279EE1F28FF0A00C218A2 /* AppleMusicAuthorizationManager.swift in Sources */ = {isa = PBXBuildFile; fileRef = 41A279ED1F28FF0A00C218A2 /* AppleMusicAuthorizationManager.swift */; };
		41A279F01F29141100C218A2 /* SpotifyAuthorizationManager.swift in Sources */ = {isa = PBXBuildFile; fileRef = 41A279EF1F29141100C218A2 /* SpotifyAuthorizationManager.swift */; };
		41B4AE121F2A5FEF00F39E04 /* SpotifyURLFactory.swift in Sources */ = {isa = PBXBuildFile; fileRef = 41B4AE111F2A5FEF00F39E04 /* SpotifyURLFactory.swift */; };
		41C0AEB61E79512D00C797F0 /* searchTextField.swift in Sources */ = {isa = PBXBuildFile; fileRef = 41C0AEB51E79512D00C797F0 /* searchTextField.swift */; };
		41C0AEBA1E7A0AC100C797F0 /* HubAndQueuePageViewController.swift in Sources */ = {isa = PBXBuildFile; fileRef = 41C0AEB91E7A0AC100C797F0 /* HubAndQueuePageViewController.swift */; };
		41C0AEBC1E7A12CB00C797F0 /* HubViewController.swift in Sources */ = {isa = PBXBuildFile; fileRef = 41C0AEBB1E7A12CB00C797F0 /* HubViewController.swift */; };
		41C0AEBE1E7A12E000C797F0 /* QueueViewController.swift in Sources */ = {isa = PBXBuildFile; fileRef = 41C0AEBD1E7A12E000C797F0 /* QueueViewController.swift */; };
		41C1113F1F2A158500A33771 /* AppleMusicConstants.swift in Sources */ = {isa = PBXBuildFile; fileRef = 41C1113E1F2A158500A33771 /* AppleMusicConstants.swift */; };
		41F345A41F34BD05007A250B /* Assets.xcassets in Resources */ = {isa = PBXBuildFile; fileRef = 41F345A31F34BD05007A250B /* Assets.xcassets */; };
		99E05000123D800F309A600D /* Pods_WeJ.framework in Frameworks */ = {isa = PBXBuildFile; fileRef = FB7198514224E0BBDF2873C4 /* Pods_WeJ.framework */; };
		FC2632EB2F61040E00313190 /* PrivateConfig.template.swift in Sources */ = {isa = PBXBuildFile; fileRef = FC2632EA2F61040E00313190 /* PrivateConfig.template.swift */; };
		FC4489842FB8417F00BE84FA /* PrivacyInfo.xcprivacy in Resources */ = {isa = PBXBuildFile; fileRef = FC4489832FB8417F00BE84FA /* PrivacyInfo.xcprivacy */; };
		FC4489862FB95ADB00BE84FA /* KeychainStore.swift in Sources */ = {isa = PBXBuildFile; fileRef = FC4489852FB95ADB00BE84FA /* KeychainStore.swift */; };
		FC4489882FB95C9B00BE84FA /* SceneDelegate.swift in Sources */ = {isa = PBXBuildFile; fileRef = FC4489872FB95C9B00BE84FA /* SceneDelegate.swift */; };
		FC5B37A42EFB281200DA9553 /* PrivateConfig.swift in Sources */ = {isa = PBXBuildFile; fileRef = FC5B37A32EFB280F00DA9553 /* PrivateConfig.swift */; };
		FC5B37A72EFCF0F500DA9553 /* SpotifyiOS.xcframework in Frameworks */ = {isa = PBXBuildFile; fileRef = FC5B37A52EFCF0E500DA9553 /* SpotifyiOS.xcframework */; };
		FC5B37A82EFCF0F500DA9553 /* SpotifyiOS.xcframework in Embed Frameworks */ = {isa = PBXBuildFile; fileRef = FC5B37A52EFCF0E500DA9553 /* SpotifyiOS.xcframework */; settings = {ATTRIBUTES = (CodeSignOnCopy, RemoveHeadersOnCopy, ); }; };
		FC5B37ED2F4850B500DA9553 /* SelectionCountBadgePresenting.swift in Sources */ = {isa = PBXBuildFile; fileRef = FC5B37EC2F4850B500DA9553 /* SelectionCountBadgePresenting.swift */; };
		FCC6128720C3797400F65E42 /* MXMLyricsAction.m in Sources */ = {isa = PBXBuildFile; fileRef = 416551361F27D9D900FA33F5 /* MXMLyricsAction.m */; };
/* End PBXBuildFile section */

/* Begin PBXCopyFilesBuildPhase section */
		FC5B37A92EFCF0F500DA9553 /* Embed Frameworks */ = {
			isa = PBXCopyFilesBuildPhase;
			buildActionMask = 2147483647;
			dstPath = "";
			dstSubfolderSpec = 10;
			files = (
				FC5B37A82EFCF0F500DA9553 /* SpotifyiOS.xcframework in Embed Frameworks */,
			);
			name = "Embed Frameworks";
			runOnlyForDeploymentPostprocessing = 0;
		};
/* End PBXCopyFilesBuildPhase section */

/* Begin PBXFileReference section */
		3472FB151DDAC81E00A35FCB /* Party.swift */ = {isa = PBXFileReference; fileEncoding = 4; lastKnownFileType = sourcecode.swift; name = Party.swift; path = "Party Classes/Party.swift"; sourceTree = "<group>"; };
		34D750DF1E32E9C5009AFD63 /* MultipeerManager.swift */ = {isa = PBXFileReference; fileEncoding = 4; lastKnownFileType = sourcecode.swift; name = MultipeerManager.swift; path = "Network Managers/MultipeerManager.swift"; sourceTree = "<group>"; };
		3EB77C24F7978848084888F9 /* Pods-WeJ.debug.xcconfig */ = {isa = PBXFileReference; includeInIndex = 1; lastKnownFileType = text.xcconfig; name = "Pods-WeJ.debug.xcconfig"; path = "Pods/Target Support Files/Pods-WeJ/Pods-WeJ.debug.xcconfig"; sourceTree = "<group>"; };
		41045F2E1E39AD6D00A29830 /* AVFoundation.framework */ = {isa = PBXFileReference; lastKnownFileType = wrapper.framework; name = AVFoundation.framework; path = System/Library/Frameworks/AVFoundation.framework; sourceTree = SDKROOT; };
		41045F301E39AD7E00A29830 /* SystemConfiguration.framework */ = {isa = PBXFileReference; lastKnownFileType = wrapper.framework; name = SystemConfiguration.framework; path = System/Library/Frameworks/SystemConfiguration.framework; sourceTree = SDKROOT; };
		41045F321E39B80300A29830 /* WeJ-Bridging-Header.h */ = {isa = PBXFileReference; lastKnownFileType = sourcecode.c.h; path = "WeJ-Bridging-Header.h"; sourceTree = SOURCE_ROOT; };
		4113CFE61F36163F000628B1 /* partyNameTextField.swift */ = {isa = PBXFileReference; fileEncoding = 4; lastKnownFileType = sourcecode.swift; name = partyNameTextField.swift; path = "Custom Appearance/partyNameTextField.swift"; sourceTree = "<group>"; };
		4113CFE81F362420000628B1 /* Automation.swift */ = {isa = PBXFileReference; fileEncoding = 4; lastKnownFileType = sourcecode.swift; name = Automation.swift; path = Extensions/Automation.swift; sourceTree = "<group>"; };
		411688741F2A69EB00C3CD4A /* PartyConnection.swift */ = {isa = PBXFileReference; fileEncoding = 4; lastKnownFileType = sourcecode.swift; name = PartyConnection.swift; path = Extensions/PartyConnection.swift; sourceTree = "<group>"; };
		411688761F2A727500C3CD4A /* RequestType.swift */ = {isa = PBXFileReference; fileEncoding = 4; lastKnownFileType = sourcecode.swift; name = RequestType.swift; path = "Party Classes/RequestType.swift"; sourceTree = "<group>"; };
		411688781F2F236F00C3CD4A /* AppleMusicFetcher.swift */ = {isa = PBXFileReference; fileEncoding = 4; lastKnownFileType = sourcecode.swift; name = AppleMusicFetcher.swift; path = "Network Managers/Fetchers/AppleMusicFetcher.swift"; sourceTree = "<group>"; };
		4116887B1F2F248300C3CD4A /* AppleMusicURLFactory.swift */ = {isa = PBXFileReference; fileEncoding = 4; lastKnownFileType = sourcecode.swift; name = AppleMusicURLFactory.swift; path = "Network Managers/URL Factories/AppleMusicURLFactory.swift"; sourceTree = "<group>"; };
		411688821F320E5100C3CD4A /* SpotifyFetcher.swift */ = {isa = PBXFileReference; fileEncoding = 4; lastKnownFileType = sourcecode.swift; name = SpotifyFetcher.swift; path = "Network Managers/Fetchers/SpotifyFetcher.swift"; sourceTree = "<group>"; };
		412F98171F4F731A0055A9FA /* PartiesListViewController.swift */ = {isa = PBXFileReference; fileEncoding = 4; lastKnownFileType = sourcecode.swift; name = PartiesListViewController.swift; path = "Join Party/PartiesListViewController.swift"; sourceTree = "<group>"; };
		412F981A1F4F75E70055A9FA /* OptionTableViewCell.swift */ = {isa = PBXFileReference; fileEncoding = 4; lastKnownFileType = sourcecode.swift; name = OptionTableViewCell.swift; path = "Join Party/OptionTableViewCell.swift"; sourceTree = "<group>"; };
		412F981C1F51221A0055A9FA /* RKNotificationHub.framework */ = {isa = PBXFileReference; lastKnownFileType = wrapper.framework; name = RKNotificationHub.framework; path = "Pods/../build/Debug-iphoneos/RKNotificationHub/RKNotificationHub.framework"; sourceTree = "<group>"; };
		412F981E1F51906F0055A9FA /* RKNotificationHub.framework */ = {isa = PBXFileReference; lastKnownFileType = wrapper.framework; name = RKNotificationHub.framework; path = "../../../Library/Developer/Xcode/DerivedData/WeJ-cvuxapiwahhdbhcxsozsrbwpxwln/Build/Products/Debug-iphonesimulator/RKNotificationHub/RKNotificationHub.framework"; sourceTree = "<group>"; };
		412F98201F5190740055A9FA /* NVActivityIndicatorView.framework */ = {isa = PBXFileReference; lastKnownFileType = wrapper.framework; name = NVActivityIndicatorView.framework; path = "../../../Library/Developer/Xcode/DerivedData/WeJ-cvuxapiwahhdbhcxsozsrbwpxwln/Build/Products/Debug-iphonesimulator/NVActivityIndicatorView/NVActivityIndicatorView.framework"; sourceTree = "<group>"; };
		412FBED01E32CFA7007FFB6A /* MusicPlayer.swift */ = {isa = PBXFileReference; fileEncoding = 4; lastKnownFileType = sourcecode.swift; name = MusicPlayer.swift; path = "Play Tracks/MusicPlayer.swift"; sourceTree = "<group>"; };
		413533281E8DE4C600BE5B0F /* MusicService.swift */ = {isa = PBXFileReference; fileEncoding = 4; lastKnownFileType = sourcecode.swift; name = MusicService.swift; path = "Party Classes/MusicService.swift"; sourceTree = "<group>"; };
		4138C3461F541CE500F9554A /* SEFont.swift */ = {isa = PBXFileReference; fileEncoding = 4; lastKnownFileType = sourcecode.swift; name = SEFont.swift; path = "Custom Appearance/SEFont.swift"; sourceTree = "<group>"; };
		4140210D1F52185600B1CDAC /* fr */ = {isa = PBXFileReference; lastKnownFileType = text.plist.strings; name = fr; path = "Supporting Files/fr.lproj/LaunchScreen.strings"; sourceTree = "<group>"; };
		414021141F5218F300B1CDAC /* Base */ = {isa = PBXFileReference; lastKnownFileType = text.plist.strings; name = Base; path = "Supporting Files/Base.lproj/Localizable.strings"; sourceTree = "<group>"; };
		414021171F52198200B1CDAC /* fr */ = {isa = PBXFileReference; lastKnownFileType = text.plist.strings; name = fr; path = "Supporting Files/fr.lproj/Localizable.strings"; sourceTree = "<group>"; };
		414021191F521AC100B1CDAC /* Base */ = {isa = PBXFileReference; lastKnownFileType = file.storyboard; name = Base; path = "Supporting Files/Base.lproj/Main.storyboard"; sourceTree = "<group>"; };
		4140211C1F521AC600B1CDAC /* fr */ = {isa = PBXFileReference; lastKnownFileType = text.plist.strings; name = fr; path = "Supporting Files/fr.lproj/Main.strings"; sourceTree = "<group>"; };
		414BF7DA1F3B3B660022289E /* MusicLibrarySelectionViewController.swift */ = {isa = PBXFileReference; fileEncoding = 4; lastKnownFileType = sourcecode.swift; name = MusicLibrarySelectionViewController.swift; path = "Add Tracks/MusicLibrarySelectionViewController.swift"; sourceTree = "<group>"; };
		4164CCB41F40FEBE009EBAAF /* Option.swift */ = {isa = PBXFileReference; fileEncoding = 4; lastKnownFileType = sourcecode.swift; name = Option.swift; path = "Party Classes/Option.swift"; sourceTree = "<group>"; };
		4165512B1F279A5900FA33F5 /* BlankAudio.wav */ = {isa = PBXFileReference; lastKnownFileType = audio.wav; name = BlankAudio.wav; path = "Supporting Files/BlankAudio.wav"; sourceTree = "<group>"; };
		4165512F1F279EAC00FA33F5 /* BackgroundTask.swift */ = {isa = PBXFileReference; fileEncoding = 4; lastKnownFileType = sourcecode.swift; name = BackgroundTask.swift; path = "Play Tracks/BackgroundTask.swift"; sourceTree = "<group>"; };
		416551351F27D9D900FA33F5 /* MXMLyricsAction.h */ = {isa = PBXFileReference; fileEncoding = 4; lastKnownFileType = sourcecode.c.h; path = MXMLyricsAction.h; sourceTree = "<group>"; };
		416551361F27D9D900FA33F5 /* MXMLyricsAction.m */ = {isa = PBXFileReference; fileEncoding = 4; lastKnownFileType = sourcecode.c.objc; path = MXMLyricsAction.m; sourceTree = "<group>"; };
		416A25D41F3F76DD008F7D19 /* LibraryTracksViewController.swift */ = {isa = PBXFileReference; fileEncoding = 4; lastKnownFileType = sourcecode.swift; name = LibraryTracksViewController.swift; path = "Add Tracks/My Music/LibraryTracksViewController.swift"; sourceTree = "<group>"; };
		416E8C3E1F2A046E00F524E0 /* SpotifyConstants.swift */ = {isa = PBXFileReference; fileEncoding = 4; lastKnownFileType = sourcecode.swift; path = SpotifyConstants.swift; sourceTree = "<group>"; };
		41709C6E1F522E8100D984E2 /* es */ = {isa = PBXFileReference; lastKnownFileType = text.plist.strings; name = es; path = "Supporting Files/es.lproj/LaunchScreen.strings"; sourceTree = "<group>"; };
		41709C6F1F522E8100D984E2 /* es */ = {isa = PBXFileReference; lastKnownFileType = text.plist.strings; name = es; path = "Supporting Files/es.lproj/Main.strings"; sourceTree = "<group>"; };
		41709C701F522E8100D984E2 /* es */ = {isa = PBXFileReference; lastKnownFileType = text.plist.strings; name = es; path = "Supporting Files/es.lproj/Localizable.strings"; sourceTree = "<group>"; };
		41774CCB1F3B72BB00108470 /* AppConstants.swift */ = {isa = PBXFileReference; fileEncoding = 4; lastKnownFileType = sourcecode.swift; path = AppConstants.swift; sourceTree = "<group>"; };
		41774CCD1F3B7A2C00108470 /* AddTracksTabBarController.swift */ = {isa = PBXFileReference; fileEncoding = 4; lastKnownFileType = sourcecode.swift; name = AddTracksTabBarController.swift; path = "Add Tracks/AddTracksTabBarController.swift"; sourceTree = "<group>"; };
		41774CD71F3CE54C00108470 /* PlaylistSelectionViewController.swift */ = {isa = PBXFileReference; fileEncoding = 4; lastKnownFileType = sourcecode.swift; name = PlaylistSelectionViewController.swift; path = "Add Tracks/My Music/PlaylistSelectionViewController.swift"; sourceTree = "<group>"; };
		41774CD91F3E267F00108470 /* PlaylistSubcategorySelectionViewController.swift */ = {isa = PBXFileReference; fileEncoding = 4; lastKnownFileType = sourcecode.swift; name = PlaylistSubcategorySelectionViewController.swift; path = "Add Tracks/My Music/PlaylistSubcategorySelectionViewController.swift"; sourceTree = "<group>"; };
		41774CDC1F3E26C900108470 /* PlaylistType.swift */ = {isa = PBXFileReference; fileEncoding = 4; lastKnownFileType = sourcecode.swift; name = PlaylistType.swift; path = "Party Classes/PlaylistType.swift"; sourceTree = "<group>"; };
		41774CDE1F3E295D00108470 /* PlaylistSubcategoryTableViewCell.swift */ = {isa = PBXFileReference; fileEncoding = 4; lastKnownFileType = sourcecode.swift; name = PlaylistSubcategoryTableViewCell.swift; path = "Add Tracks/My Music/PlaylistSubcategoryTableViewCell.swift"; sourceTree = "<group>"; };
		417B9D4A1E317C3C0021F36E /* PartyViewController.swift */ = {isa = PBXFileReference; fileEncoding = 4; lastKnownFileType = sourcecode.swift; name = PartyViewController.swift; path = "Play Tracks/PartyViewController.swift"; sourceTree = "<group>"; };
		417B9D4E1E318D0D0021F36E /* SearchViewController.swift */ = {isa = PBXFileReference; fileEncoding = 4; lastKnownFileType = sourcecode.swift; name = SearchViewController.swift; path = "Add Tracks/SearchViewController.swift"; sourceTree = "<group>"; };
		417B9D521E31B3CE0021F36E /* Track.swift */ = {isa = PBXFileReference; fileEncoding = 4; lastKnownFileType = sourcecode.swift; name = Track.swift; path = "Party Classes/Track.swift"; sourceTree = "<group>"; };
		417B9D561E31CD8D0021F36E /* TrackTableViewCell.swift */ = {isa = PBXFileReference; fileEncoding = 4; lastKnownFileType = sourcecode.swift; name = TrackTableViewCell.swift; path = "Play Tracks/TrackTableViewCell.swift"; sourceTree = "<group>"; };
		417C38C91DDA43FD00F59926 /* WeJ.app */ = {isa = PBXFileReference; explicitFileType = wrapper.application; includeInIndex = 0; path = WeJ.app; sourceTree = BUILT_PRODUCTS_DIR; };
		417C38CC1DDA43FD00F59926 /* AppDelegate.swift */ = {isa = PBXFileReference; lastKnownFileType = sourcecode.swift; path = AppDelegate.swift; sourceTree = "<group>"; };
		417C38D91DDA43FD00F59926 /* Base */ = {isa = PBXFileReference; lastKnownFileType = file.storyboard; name = Base; path = "Supporting Files/Base.lproj/LaunchScreen.storyboard"; sourceTree = "<group>"; };
		417C38DB1DDA43FD00F59926 /* Info.plist */ = {isa = PBXFileReference; lastKnownFileType = text.plist.xml; name = Info.plist; path = "Supporting Files/Info.plist"; sourceTree = "<group>"; };
		417C38E11DDA447600F59926 /* InitialSetupViewController.swift */ = {isa = PBXFileReference; fileEncoding = 4; lastKnownFileType = sourcecode.swift; path = InitialSetupViewController.swift; sourceTree = "<group>"; };
		417C38E21DDA447600F59926 /* PartyCreationViewController.swift */ = {isa = PBXFileReference; fileEncoding = 4; lastKnownFileType = sourcecode.swift; name = PartyCreationViewController.swift; path = "Create Party/PartyCreationViewController.swift"; sourceTree = "<group>"; };
		41835F8F1E81EE740082BA16 /* HubTableViewCell.swift */ = {isa = PBXFileReference; fileEncoding = 4; lastKnownFileType = sourcecode.swift; name = HubTableViewCell.swift; path = "Play Tracks/HubTableViewCell.swift"; sourceTree = "<group>"; };
		418503F61E307BE900472006 /* setupButton.swift */ = {isa = PBXFileReference; fileEncoding = 4; lastKnownFileType = sourcecode.swift; name = setupButton.swift; path = "Custom Appearance/setupButton.swift"; sourceTree = "<group>"; };
		419C677B1F5216A3004C4948 /* LocalizationKit.framework */ = {isa = PBXFileReference; lastKnownFileType = wrapper.framework; name = LocalizationKit.framework; path = "Pods/../build/Debug-iphoneos/LocalizationKit/LocalizationKit.framework"; sourceTree = "<group>"; };
		419F4AF91F573A6D0006BB3C /* HintTableViewCell.swift */ = {isa = PBXFileReference; fileEncoding = 4; lastKnownFileType = sourcecode.swift; name = HintTableViewCell.swift; path = "Custom Appearance/HintTableViewCell.swift"; sourceTree = "<group>"; };
		41A279E01F28DE1700C218A2 /* BadgeSwift.framework */ = {isa = PBXFileReference; lastKnownFileType = wrapper.framework; name = BadgeSwift.framework; path = "../../../Library/Developer/Xcode/DerivedData/WeJ-cvuxapiwahhdbhcxsozsrbwpxwln/Build/Products/Debug-iphonesimulator/BadgeSwift/BadgeSwift.framework"; sourceTree = "<group>"; };
		41A279E11F28DE1700C218A2 /* GoogleToolboxForMac.framework */ = {isa = PBXFileReference; lastKnownFileType = wrapper.framework; name = GoogleToolboxForMac.framework; path = "../../../Library/Developer/Xcode/DerivedData/WeJ-cvuxapiwahhdbhcxsozsrbwpxwln/Build/Products/Debug-iphonesimulator/GoogleToolboxForMac/GoogleToolboxForMac.framework"; sourceTree = "<group>"; };
		41A279E21F28DE1700C218A2 /* nanopb.framework */ = {isa = PBXFileReference; lastKnownFileType = wrapper.framework; name = nanopb.framework; path = "../../../Library/Developer/Xcode/DerivedData/WeJ-cvuxapiwahhdbhcxsozsrbwpxwln/Build/Products/Debug-iphonesimulator/nanopb/nanopb.framework"; sourceTree = "<group>"; };
		41A279E31F28DE1700C218A2 /* Pods_WeJ.framework */ = {isa = PBXFileReference; lastKnownFileType = wrapper.framework; name = Pods_WeJ.framework; path = "../../../Library/Developer/Xcode/DerivedData/WeJ-cvuxapiwahhdbhcxsozsrbwpxwln/Build/Products/Debug-iphonesimulator/Pods_WeJ.framework"; sourceTree = "<group>"; };
		41A279E41F28DE1700C218A2 /* SwiftyJSON.framework */ = {isa = PBXFileReference; lastKnownFileType = wrapper.framework; name = SwiftyJSON.framework; path = "../../../Library/Developer/Xcode/DerivedData/WeJ-cvuxapiwahhdbhcxsozsrbwpxwln/Build/Products/Debug-iphonesimulator/SwiftyJSON/SwiftyJSON.framework"; sourceTree = "<group>"; };
		41A279EA1F28E54300C218A2 /* Appearance.swift */ = {isa = PBXFileReference; fileEncoding = 4; lastKnownFileType = sourcecode.swift; name = Appearance.swift; path = Extensions/Appearance.swift; sourceTree = "<group>"; };
		41A279ED1F28FF0A00C218A2 /* AppleMusicAuthorizationManager.swift */ = {isa = PBXFileReference; fileEncoding = 4; lastKnownFileType = sourcecode.swift; name = AppleMusicAuthorizationManager.swift; path = "Network Managers/Authorization Managers/AppleMusicAuthorizationManager.swift"; sourceTree = "<group>"; };
		41A279EF1F29141100C218A2 /* SpotifyAuthorizationManager.swift */ = {isa = PBXFileReference; fileEncoding = 4; lastKnownFileType = sourcecode.swift; name = SpotifyAuthorizationManager.swift; path = "Network Managers/Authorization Managers/SpotifyAuthorizationManager.swift"; sourceTree = "<group>"; };
		41B4AE111F2A5FEF00F39E04 /* SpotifyURLFactory.swift */ = {isa = PBXFileReference; fileEncoding = 4; lastKnownFileType = sourcecode.swift; name = SpotifyURLFactory.swift; path = "Network Managers/URL Factories/SpotifyURLFactory.swift"; sourceTree = "<group>"; };
		41C0AEB51E79512D00C797F0 /* searchTextField.swift */ = {isa = PBXFileReference; fileEncoding = 4; lastKnownFileType = sourcecode.swift; name = searchTextField.swift; path = "Custom Appearance/searchTextField.swift"; sourceTree = "<group>"; };
		41C0AEB91E7A0AC100C797F0 /* HubAndQueuePageViewController.swift */ = {isa = PBXFileReference; fileEncoding = 4; lastKnownFileType = sourcecode.swift; name = HubAndQueuePageViewController.swift; path = "Play Tracks/HubAndQueuePageViewController.swift"; sourceTree = "<group>"; };
		41C0AEBB1E7A12CB00C797F0 /* HubViewController.swift */ = {isa = PBXFileReference; fileEncoding = 4; lastKnownFileType = sourcecode.swift; name = HubViewController.swift; path = "Play Tracks/HubViewController.swift"; sourceTree = "<group>"; };
		41C0AEBD1E7A12E000C797F0 /* QueueViewController.swift */ = {isa = PBXFileReference; fileEncoding = 4; lastKnownFileType = sourcecode.swift; name = QueueViewController.swift; path = "Play Tracks/QueueViewController.swift"; sourceTree = "<group>"; };
		41C1113E1F2A158500A33771 /* AppleMusicConstants.swift */ = {isa = PBXFileReference; fileEncoding = 4; lastKnownFileType = sourcecode.swift; path = AppleMusicConstants.swift; sourceTree = "<group>"; };
		41F345A31F34BD05007A250B /* Assets.xcassets */ = {isa = PBXFileReference; lastKnownFileType = folder.assetcatalog; name = Assets.xcassets; path = "Supporting Files/Assets.xcassets"; sourceTree = "<group>"; };
		CB810334E004CAA30F9C84CE /* Pods-WeJ.release.xcconfig */ = {isa = PBXFileReference; includeInIndex = 1; lastKnownFileType = text.xcconfig; name = "Pods-WeJ.release.xcconfig"; path = "Pods/Target Support Files/Pods-WeJ/Pods-WeJ.release.xcconfig"; sourceTree = "<group>"; };
		FB7198514224E0BBDF2873C4 /* Pods_WeJ.framework */ = {isa = PBXFileReference; explicitFileType = wrapper.framework; includeInIndex = 0; path = Pods_WeJ.framework; sourceTree = BUILT_PRODUCTS_DIR; };
		FC2632EA2F61040E00313190 /* PrivateConfig.template.swift */ = {isa = PBXFileReference; lastKnownFileType = sourcecode.swift; path = PrivateConfig.template.swift; sourceTree = "<group>"; };
		FC4489832FB8417F00BE84FA /* PrivacyInfo.xcprivacy */ = {isa = PBXFileReference; lastKnownFileType = text.xml; path = PrivacyInfo.xcprivacy; sourceTree = "<group>"; };
		FC4489852FB95ADB00BE84FA /* KeychainStore.swift */ = {isa = PBXFileReference; lastKnownFileType = sourcecode.swift; path = KeychainStore.swift; sourceTree = "<group>"; };
		FC4489872FB95C9B00BE84FA /* SceneDelegate.swift */ = {isa = PBXFileReference; lastKnownFileType = sourcecode.swift; path = SceneDelegate.swift; sourceTree = "<group>"; };
		FC5B37A32EFB280F00DA9553 /* PrivateConfig.swift */ = {isa = PBXFileReference; lastKnownFileType = sourcecode.swift; path = PrivateConfig.swift; sourceTree = "<group>"; };
		FC5B37A52EFCF0E500DA9553 /* SpotifyiOS.xcframework */ = {isa = PBXFileReference; lastKnownFileType = wrapper.xcframework; path = SpotifyiOS.xcframework; sourceTree = "<group>"; };
		FC5B37EC2F4850B500DA9553 /* SelectionCountBadgePresenting.swift */ = {isa = PBXFileReference; lastKnownFileType = sourcecode.swift; path = SelectionCountBadgePresenting.swift; sourceTree = "<group>"; };
/* End PBXFileReference section */

/* Begin PBXFrameworksBuildPhase section */
		417C38C61DDA43FD00F59926 /* Frameworks */ = {
			isa = PBXFrameworksBuildPhase;
			buildActionMask = 2147483647;
			files = (
				412F981F1F51906F0055A9FA /* RKNotificationHub.framework in Frameworks */,
				41A279E91F28DE1700C218A2 /* SwiftyJSON.framework in Frameworks */,
				412F98211F5190740055A9FA /* NVActivityIndicatorView.framework in Frameworks */,
				41A279E81F28DE1700C218A2 /* Pods_WeJ.framework in Frameworks */,
				41045F2F1E39AD6D00A29830 /* AVFoundation.framework in Frameworks */,
				41045F311E39AD7E00A29830 /* SystemConfiguration.framework in Frameworks */,
				FC5B37A72EFCF0F500DA9553 /* SpotifyiOS.xcframework in Frameworks */,
				99E05000123D800F309A600D /* Pods_WeJ.framework in Frameworks */,
			);
			runOnlyForDeploymentPostprocessing = 0;
		};
/* End PBXFrameworksBuildPhase section */

/* Begin PBXGroup section */
		0EC59A47A2A686C3B2C8F22B /* Pods */ = {
			isa = PBXGroup;
			children = (
				3EB77C24F7978848084888F9 /* Pods-WeJ.debug.xcconfig */,
				CB810334E004CAA30F9C84CE /* Pods-WeJ.release.xcconfig */,
			);
			name = Pods;
			sourceTree = "<group>";
		};
		4116887A1F2F23A700C3CD4A /* Fetchers */ = {
			isa = PBXGroup;
			children = (
				411688781F2F236F00C3CD4A /* AppleMusicFetcher.swift */,
				411688821F320E5100C3CD4A /* SpotifyFetcher.swift */,
			);
			name = Fetchers;
			sourceTree = "<group>";
		};
		4116887D1F2F248700C3CD4A /* URL Factories */ = {
			isa = PBXGroup;
			children = (
				4116887B1F2F248300C3CD4A /* AppleMusicURLFactory.swift */,
				41B4AE111F2A5FEF00F39E04 /* SpotifyURLFactory.swift */,
			);
			name = "URL Factories";
			sourceTree = "<group>";
		};
		412F98191F4F73210055A9FA /* Join Party */ = {
			isa = PBXGroup;
			children = (
				412F98171F4F731A0055A9FA /* PartiesListViewController.swift */,
				412F981A1F4F75E70055A9FA /* OptionTableViewCell.swift */,
			);
			name = "Join Party";
			sourceTree = "<group>";
		};
		413421631E3D579600888403 /* Custom Classes */ = {
			isa = PBXGroup;
			children = (
				4113CFE61F36163F000628B1 /* partyNameTextField.swift */,
				418503F61E307BE900472006 /* setupButton.swift */,
				41C0AEB51E79512D00C797F0 /* searchTextField.swift */,
				419F4AF91F573A6D0006BB3C /* HintTableViewCell.swift */,
			);
			name = "Custom Classes";
			sourceTree = "<group>";
		};
		413421641E3D57A300888403 /* Party Classes */ = {
			isa = PBXGroup;
			children = (
				3472FB151DDAC81E00A35FCB /* Party.swift */,
				417B9D521E31B3CE0021F36E /* Track.swift */,
				4164CCB41F40FEBE009EBAAF /* Option.swift */,
				413533281E8DE4C600BE5B0F /* MusicService.swift */,
				411688761F2A727500C3CD4A /* RequestType.swift */,
				41774CDC1F3E26C900108470 /* PlaylistType.swift */,
			);
			name = "Party Classes";
			sourceTree = "<group>";
		};
		413421651E3D57B100888403 /* Network Managers */ = {
			isa = PBXGroup;
			children = (
				34D750DF1E32E9C5009AFD63 /* MultipeerManager.swift */,
				41C111401F2A18FD00A33771 /* Authorization Managers */,
				4116887A1F2F23A700C3CD4A /* Fetchers */,
				4116887D1F2F248700C3CD4A /* URL Factories */,
			);
			name = "Network Managers";
			sourceTree = "<group>";
		};
		413421661E3D57BE00888403 /* Add Tracks */ = {
			isa = PBXGroup;
			children = (
				41774CCD1F3B7A2C00108470 /* AddTracksTabBarController.swift */,
				414BF7DA1F3B3B660022289E /* MusicLibrarySelectionViewController.swift */,
				41774CDB1F3E268C00108470 /* My Music */,
				417B9D4E1E318D0D0021F36E /* SearchViewController.swift */,
			);
			name = "Add Tracks";
			sourceTree = "<group>";
		};
		413421671E3D57D100888403 /* Play Tracks */ = {
			isa = PBXGroup;
			children = (
				417B9D4A1E317C3C0021F36E /* PartyViewController.swift */,
				412FBED01E32CFA7007FFB6A /* MusicPlayer.swift */,
				41C0AEB91E7A0AC100C797F0 /* HubAndQueuePageViewController.swift */,
				41C0AEBB1E7A12CB00C797F0 /* HubViewController.swift */,
				41835F8F1E81EE740082BA16 /* HubTableViewCell.swift */,
				41C0AEBD1E7A12E000C797F0 /* QueueViewController.swift */,
				417B9D561E31CD8D0021F36E /* TrackTableViewCell.swift */,
				4165512F1F279EAC00FA33F5 /* BackgroundTask.swift */,
			);
			name = "Play Tracks";
			sourceTree = "<group>";
		};
		413421681E3D57E400888403 /* Create Party */ = {
			isa = PBXGroup;
			children = (
				417C38E21DDA447600F59926 /* PartyCreationViewController.swift */,
			);
			name = "Create Party";
			sourceTree = "<group>";
		};
		416551341F27D9D900FA33F5 /* MXMLyricsAction */ = {
			isa = PBXGroup;
			children = (
				416551351F27D9D900FA33F5 /* MXMLyricsAction.h */,
				416551361F27D9D900FA33F5 /* MXMLyricsAction.m */,
			);
			name = MXMLyricsAction;
			path = Frameworks/MXMLyricsAction;
			sourceTree = "<group>";
		};
		4165513A1F27D9EA00FA33F5 /* Lyrics */ = {
			isa = PBXGroup;
			children = (
				416551341F27D9D900FA33F5 /* MXMLyricsAction */,
			);
			name = Lyrics;
			path = ..;
			sourceTree = "<group>";
		};
		41774CDB1F3E268C00108470 /* My Music */ = {
			isa = PBXGroup;
			children = (
				41774CD71F3CE54C00108470 /* PlaylistSelectionViewController.swift */,
				41774CD91F3E267F00108470 /* PlaylistSubcategorySelectionViewController.swift */,
				41774CDE1F3E295D00108470 /* PlaylistSubcategoryTableViewCell.swift */,
				416A25D41F3F76DD008F7D19 /* LibraryTracksViewController.swift */,
			);
			name = "My Music";
			sourceTree = "<group>";
		};
		417C38C01DDA43FD00F59926 = {
			isa = PBXGroup;
			children = (
				417C38CB1DDA43FD00F59926 /* WeJ */,
				417C38CA1DDA43FD00F59926 /* Products */,
				0EC59A47A2A686C3B2C8F22B /* Pods */,
				B2F645F37144B3727E5025EE /* Frameworks */,
			);
			sourceTree = "<group>";
		};
		417C38CA1DDA43FD00F59926 /* Products */ = {
			isa = PBXGroup;
			children = (
				417C38C91DDA43FD00F59926 /* WeJ.app */,
			);
			name = Products;
			sourceTree = "<group>";
		};
		417C38CB1DDA43FD00F59926 /* WeJ */ = {
			isa = PBXGroup;
			children = (
				417C38D81DDA43FD00F59926 /* LaunchScreen.storyboard */,
				4140211A1F521AC100B1CDAC /* Main.storyboard */,
				417C38CC1DDA43FD00F59926 /* AppDelegate.swift */,
				417C38E11DDA447600F59926 /* InitialSetupViewController.swift */,
				413421681E3D57E400888403 /* Create Party */,
				412F98191F4F73210055A9FA /* Join Party */,
				413421671E3D57D100888403 /* Play Tracks */,
				413421661E3D57BE00888403 /* Add Tracks */,
				4165513A1F27D9EA00FA33F5 /* Lyrics */,
				413421651E3D57B100888403 /* Network Managers */,
				413421641E3D57A300888403 /* Party Classes */,
				41A279EC1F28E54700C218A2 /* Extensions */,
				41B4AE101F2A4D7300F39E04 /* Constants */,
				41045F321E39B80300A29830 /* WeJ-Bridging-Header.h */,
				419448001E3FFFDD00B9370C /* Supporting Files */,
				FC4489872FB95C9B00BE84FA /* SceneDelegate.swift */,
			);
			path = WeJ;
			sourceTree = "<group>";
		};
		419448001E3FFFDD00B9370C /* Supporting Files */ = {
			isa = PBXGroup;
			children = (
				4165512B1F279A5900FA33F5 /* BlankAudio.wav */,
				41F345A31F34BD05007A250B /* Assets.xcassets */,
				414021131F5218F300B1CDAC /* Localizable.strings */,
				417C38DB1DDA43FD00F59926 /* Info.plist */,
				FC4489832FB8417F00BE84FA /* PrivacyInfo.xcprivacy */,
			);
			name = "Supporting Files";
			sourceTree = "<group>";
		};
		41A279EC1F28E54700C218A2 /* Extensions */ = {
			isa = PBXGroup;
			children = (
				413421631E3D579600888403 /* Custom Classes */,
				41A279EA1F28E54300C218A2 /* Appearance.swift */,
				4113CFE81F362420000628B1 /* Automation.swift */,
				411688741F2A69EB00C3CD4A /* PartyConnection.swift */,
				4138C3461F541CE500F9554A /* SEFont.swift */,
				FC5B37EC2F4850B500DA9553 /* SelectionCountBadgePresenting.swift */,
			);
			name = Extensions;
			sourceTree = "<group>";
		};
		41B4AE101F2A4D7300F39E04 /* Constants */ = {
			isa = PBXGroup;
			children = (
				41774CCB1F3B72BB00108470 /* AppConstants.swift */,
				41C1113E1F2A158500A33771 /* AppleMusicConstants.swift */,
				416E8C3E1F2A046E00F524E0 /* SpotifyConstants.swift */,
				FC5B37A32EFB280F00DA9553 /* PrivateConfig.swift */,
				FC2632EA2F61040E00313190 /* PrivateConfig.template.swift */,
			);
			path = Constants;
			sourceTree = "<group>";
		};
		41C111401F2A18FD00A33771 /* Authorization Managers */ = {
			isa = PBXGroup;
			children = (
				41A279ED1F28FF0A00C218A2 /* AppleMusicAuthorizationManager.swift */,
				41A279EF1F29141100C218A2 /* SpotifyAuthorizationManager.swift */,
				FC4489852FB95ADB00BE84FA /* KeychainStore.swift */,
			);
			name = "Authorization Managers";
			sourceTree = "<group>";
		};
		B2F645F37144B3727E5025EE /* Frameworks */ = {
			isa = PBXGroup;
			children = (
				419C677B1F5216A3004C4948 /* LocalizationKit.framework */,
				412F98201F5190740055A9FA /* NVActivityIndicatorView.framework */,
				412F981E1F51906F0055A9FA /* RKNotificationHub.framework */,
				412F981C1F51221A0055A9FA /* RKNotificationHub.framework */,
				41A279E01F28DE1700C218A2 /* BadgeSwift.framework */,
				41A279E11F28DE1700C218A2 /* GoogleToolboxForMac.framework */,
				41A279E21F28DE1700C218A2 /* nanopb.framework */,
				41A279E31F28DE1700C218A2 /* Pods_WeJ.framework */,
				41A279E41F28DE1700C218A2 /* SwiftyJSON.framework */,
				41045F301E39AD7E00A29830 /* SystemConfiguration.framework */,
				41045F2E1E39AD6D00A29830 /* AVFoundation.framework */,
				FB7198514224E0BBDF2873C4 /* Pods_WeJ.framework */,
				FC5B37A52EFCF0E500DA9553 /* SpotifyiOS.xcframework */,
			);
			name = Frameworks;
			sourceTree = "<group>";
		};
/* End PBXGroup section */

/* Begin PBXNativeTarget section */
		417C38C81DDA43FD00F59926 /* WeJ */ = {
			isa = PBXNativeTarget;
			buildConfigurationList = 417C38DE1DDA43FD00F59926 /* Build configuration list for PBXNativeTarget "WeJ" */;
			buildPhases = (
				12CAB152D2D629BAE5F90047 /* [CP] Check Pods Manifest.lock */,
				417C38C51DDA43FD00F59926 /* Sources */,
				417C38C61DDA43FD00F59926 /* Frameworks */,
				D1DBB02DE533B6567D4964A5 /* [CP] Embed Pods Frameworks */,
				417C38C71DDA43FD00F59926 /* Resources */,
				FC5B37A92EFCF0F500DA9553 /* Embed Frameworks */,
			);
			buildRules = (
			);
			dependencies = (
			);
			name = WeJ;
			productName = Party;
			productReference = 417C38C91DDA43FD00F59926 /* WeJ.app */;
			productType = "com.apple.product-type.application";
		};
/* End PBXNativeTarget section */

/* Begin PBXProject section */
		417C38C11DDA43FD00F59926 /* Project object */ = {
			isa = PBXProject;
			attributes = {
				LastSwiftUpdateCheck = 0810;
				LastUpgradeCheck = 0930;
				ORGANIZATIONNAME = "Mohammad Ali Siddiqui";
				TargetAttributes = {
					417C38C81DDA43FD00F59926 = {
						CreatedOnToolsVersion = 8.1;
						LastSwiftMigration = 0930;
						ProvisioningStyle = Automatic;
						SystemCapabilities = {
							com.apple.BackgroundModes = {
								enabled = 1;
							};
						};
					};
				};
			};
			buildConfigurationList = 417C38C41DDA43FD00F59926 /* Build configuration list for PBXProject "WeJ" */;
			compatibilityVersion = "Xcode 3.2";
			developmentRegion = en;
			hasScannedForEncodings = 0;
			knownRegions = (
				en,
				Base,
				fr,
				es,
			);
			mainGroup = 417C38C01DDA43FD00F59926;
			productRefGroup = 417C38CA1DDA43FD00F59926 /* Products */;
			projectDirPath = "";
			projectRoot = "";
			targets = (
				417C38C81DDA43FD00F59926 /* WeJ */,
			);
		};
/* End PBXProject section */

/* Begin PBXResourcesBuildPhase section */
		417C38C71DDA43FD00F59926 /* Resources */ = {
			isa = PBXResourcesBuildPhase;
			buildActionMask = 2147483647;
			files = (
				FC4489842FB8417F00BE84FA /* PrivacyInfo.xcprivacy in Resources */,
				414021151F5218F300B1CDAC /* Localizable.strings in Resources */,
				4165512C1F279A5900FA33F5 /* BlankAudio.wav in Resources */,
				417C38DA1DDA43FD00F59926 /* LaunchScreen.storyboard in Resources */,
				414021181F521AC100B1CDAC /* Main.storyboard in Resources */,
				41F345A41F34BD05007A250B /* Assets.xcassets in Resources */,
			);
			runOnlyForDeploymentPostprocessing = 0;
		};
/* End PBXResourcesBuildPhase section */

/* Begin PBXShellScriptBuildPhase section */
		12CAB152D2D629BAE5F90047 /* [CP] Check Pods Manifest.lock */ = {
			isa = PBXShellScriptBuildPhase;
			buildActionMask = 2147483647;
			files = (
			);
			inputPaths = (
				"${PODS_PODFILE_DIR_PATH}/Podfile.lock",
				"${PODS_ROOT}/Manifest.lock",
			);
			name = "[CP] Check Pods Manifest.lock";
			outputPaths = (
				"$(DERIVED_FILE_DIR)/Pods-WeJ-checkManifestLockResult.txt",
			);
			runOnlyForDeploymentPostprocessing = 0;
			shellPath = /bin/sh;
			shellScript = "diff \"${PODS_PODFILE_DIR_PATH}/Podfile.lock\" \"${PODS_ROOT}/Manifest.lock\" > /dev/null\nif [ $? != 0 ] ; then\n    # print error to STDERR\n    echo \"error: The sandbox is not in sync with the Podfile.lock. Run 'pod install' or update your CocoaPods installation.\" >&2\n    exit 1\nfi\n# This output is used by Xcode 'outputs' to avoid re-running this script phase.\necho \"SUCCESS\" > \"${SCRIPT_OUTPUT_FILE_0}\"\n";
			showEnvVarsInLog = 0;
		};
		D1DBB02DE533B6567D4964A5 /* [CP] Embed Pods Frameworks */ = {
			isa = PBXShellScriptBuildPhase;
			buildActionMask = 2147483647;
			files = (
			);
			inputPaths = (
				"${PODS_ROOT}/Target Support Files/Pods-WeJ/Pods-WeJ-frameworks.sh",
				"${BUILT_PRODUCTS_DIR}/M13Checkbox/M13Checkbox.framework",
				"${BUILT_PRODUCTS_DIR}/NVActivityIndicatorView/NVActivityIndicatorView.framework",
				"${BUILT_PRODUCTS_DIR}/RKNotificationHub/RKNotificationHub.framework",
				"${BUILT_PRODUCTS_DIR}/Siren/Siren.framework",
				"${BUILT_PRODUCTS_DIR}/SwiftyJSON/SwiftyJSON.framework",
			);
			name = "[CP] Embed Pods Frameworks";
			outputPaths = (
				"${TARGET_BUILD_DIR}/${FRAMEWORKS_FOLDER_PATH}/M13Checkbox.framework",
				"${TARGET_BUILD_DIR}/${FRAMEWORKS_FOLDER_PATH}/NVActivityIndicatorView.framework",
				"${TARGET_BUILD_DIR}/${FRAMEWORKS_FOLDER_PATH}/RKNotificationHub.framework",
				"${TARGET_BUILD_DIR}/${FRAMEWORKS_FOLDER_PATH}/Siren.framework",
				"${TARGET_BUILD_DIR}/${FRAMEWORKS_FOLDER_PATH}/SwiftyJSON.framework",
			);
			runOnlyForDeploymentPostprocessing = 0;
			shellPath = /bin/sh;
			shellScript = "\"${PODS_ROOT}/Target Support Files/Pods-WeJ/Pods-WeJ-frameworks.sh\"\n";
			showEnvVarsInLog = 0;
		};
/* End PBXShellScriptBuildPhase section */

/* Begin PBXSourcesBuildPhase section */
		417C38C51DDA43FD00F59926 /* Sources */ = {
			isa = PBXSourcesBuildPhase;
			buildActionMask = 2147483647;
			files = (
				FC5B37A42EFB281200DA9553 /* PrivateConfig.swift in Sources */,
				FCC6128720C3797400F65E42 /* MXMLyricsAction.m in Sources */,
				412F98181F4F731A0055A9FA /* PartiesListViewController.swift in Sources */,
				FC2632EB2F61040E00313190 /* PrivateConfig.template.swift in Sources */,
				41C0AEBE1E7A12E000C797F0 /* QueueViewController.swift in Sources */,
				41C0AEB61E79512D00C797F0 /* searchTextField.swift in Sources */,
				413533291E8DE4C600BE5B0F /* MusicService.swift in Sources */,
				416551301F279EAC00FA33F5 /* BackgroundTask.swift in Sources */,
				FC5B37ED2F4850B500DA9553 /* SelectionCountBadgePresenting.swift in Sources */,
				41774CCC1F3B72BB00108470 /* AppConstants.swift in Sources */,
				4113CFE71F36163F000628B1 /* partyNameTextField.swift in Sources */,
				412FBED11E32CFA7007FFB6A /* MusicPlayer.swift in Sources */,
				41C0AEBA1E7A0AC100C797F0 /* HubAndQueuePageViewController.swift in Sources */,
				411688751F2A69EB00C3CD4A /* PartyConnection.swift in Sources */,
				4138C3471F541CE500F9554A /* SEFont.swift in Sources */,
				417B9D4F1E318D0D0021F36E /* SearchViewController.swift in Sources */,
				41C0AEBC1E7A12CB00C797F0 /* HubViewController.swift in Sources */,
				41774CCE1F3B7A2C00108470 /* AddTracksTabBarController.swift in Sources */,
				41C1113F1F2A158500A33771 /* AppleMusicConstants.swift in Sources */,
				418503F71E307BE900472006 /* setupButton.swift in Sources */,
				41774CDD1F3E26C900108470 /* PlaylistType.swift in Sources */,
				41B4AE121F2A5FEF00F39E04 /* SpotifyURLFactory.swift in Sources */,
				4164CCB51F40FEBE009EBAAF /* Option.swift in Sources */,
				417C38EE1DDA91B100F59926 /* AppDelegate.swift in Sources */,
				412F981B1F4F75E70055A9FA /* OptionTableViewCell.swift in Sources */,
				417C38EC1DDA91A800F59926 /* InitialSetupViewController.swift in Sources */,
				3472FB161DDAC81E00A35FCB /* Party.swift in Sources */,
				411688831F320E5100C3CD4A /* SpotifyFetcher.swift in Sources */,
				41774CDF1F3E295D00108470 /* PlaylistSubcategoryTableViewCell.swift in Sources */,
				416A25D51F3F76DD008F7D19 /* LibraryTracksViewController.swift in Sources */,
				417C38EA1DDA91A100F59926 /* PartyCreationViewController.swift in Sources */,
				4116887C1F2F248300C3CD4A /* AppleMusicURLFactory.swift in Sources */,
				FC4489862FB95ADB00BE84FA /* KeychainStore.swift in Sources */,
				34D750E01E32E9C5009AFD63 /* MultipeerManager.swift in Sources */,
				411688791F2F236F00C3CD4A /* AppleMusicFetcher.swift in Sources */,
				417B9D571E31CD8D0021F36E /* TrackTableViewCell.swift in Sources */,
				417B9D531E31B3CE0021F36E /* Track.swift in Sources */,
				41A279F01F29141100C218A2 /* SpotifyAuthorizationManager.swift in Sources */,
				41A279EB1F28E54300C218A2 /* Appearance.swift in Sources */,
				4113CFE91F362420000628B1 /* Automation.swift in Sources */,
				41774CD81F3CE54C00108470 /* PlaylistSelectionViewController.swift in Sources */,
				416E8C3F1F2A046E00F524E0 /* SpotifyConstants.swift in Sources */,
				417B9D4B1E317C3C0021F36E /* PartyViewController.swift in Sources */,
				419F4AFA1F573A6D0006BB3C /* HintTableViewCell.swift in Sources */,
				414BF7DB1F3B3B660022289E /* MusicLibrarySelectionViewController.swift in Sources */,
				FC4489882FB95C9B00BE84FA /* SceneDelegate.swift in Sources */,
				41A279EE1F28FF0A00C218A2 /* AppleMusicAuthorizationManager.swift in Sources */,
				41835F901E81EE740082BA16 /* HubTableViewCell.swift in Sources */,
				41774CDA1F3E267F00108470 /* PlaylistSubcategorySelectionViewController.swift in Sources */,
				411688771F2A727500C3CD4A /* RequestType.swift in Sources */,
			);
			runOnlyForDeploymentPostprocessing = 0;
		};
/* End PBXSourcesBuildPhase section */

/* Begin PBXVariantGroup section */
		414021131F5218F300B1CDAC /* Localizable.strings */ = {
			isa = PBXVariantGroup;
			children = (
				414021141F5218F300B1CDAC /* Base */,
				414021171F52198200B1CDAC /* fr */,
				41709C701F522E8100D984E2 /* es */,
			);
			name = Localizable.strings;
			sourceTree = "<group>";
		};
		4140211A1F521AC100B1CDAC /* Main.storyboard */ = {
			isa = PBXVariantGroup;
			children = (
				414021191F521AC100B1CDAC /* Base */,
				4140211C1F521AC600B1CDAC /* fr */,
				41709C6F1F522E8100D984E2 /* es */,
			);
			name = Main.storyboard;
			sourceTree = "<group>";
		};
		417C38D81DDA43FD00F59926 /* LaunchScreen.storyboard */ = {
			isa = PBXVariantGroup;
			children = (
				417C38D91DDA43FD00F59926 /* Base */,
				4140210D1F52185600B1CDAC /* fr */,
				41709C6E1F522E8100D984E2 /* es */,
			);
			name = LaunchScreen.storyboard;
			sourceTree = "<group>";
		};
/* End PBXVariantGroup section */

/* Begin XCBuildConfiguration section */
		417C38DC1DDA43FD00F59926 /* Debug */ = {
			isa = XCBuildConfiguration;
			buildSettings = {
				ALWAYS_SEARCH_USER_PATHS = NO;
				CLANG_ANALYZER_LOCALIZABILITY_NONLOCALIZED = YES;
				CLANG_ANALYZER_NONNULL = YES;
				CLANG_CXX_LANGUAGE_STANDARD = "gnu++0x";
				CLANG_CXX_LIBRARY = "libc++";
				CLANG_ENABLE_MODULES = YES;
				CLANG_ENABLE_OBJC_ARC = YES;
				CLANG_WARN_BLOCK_CAPTURE_AUTORELEASING = YES;
				CLANG_WARN_BOOL_CONVERSION = YES;
				CLANG_WARN_COMMA = YES;
				CLANG_WARN_CONSTANT_CONVERSION = YES;
				CLANG_WARN_DEPRECATED_OBJC_IMPLEMENTATIONS = YES;
				CLANG_WARN_DIRECT_OBJC_ISA_USAGE = YES_ERROR;
				CLANG_WARN_DOCUMENTATION_COMMENTS = YES;
				CLANG_WARN_EMPTY_BODY = YES;
				CLANG_WARN_ENUM_CONVERSION = YES;
				CLANG_WARN_INFINITE_RECURSION = YES;
				CLANG_WARN_INT_CONVERSION = YES;
				CLANG_WARN_NON_LITERAL_NULL_CONVERSION = YES;
				CLANG_WARN_OBJC_IMPLICIT_RETAIN_SELF = YES;
				CLANG_WARN_OBJC_LITERAL_CONVERSION = YES;
				CLANG_WARN_OBJC_ROOT_CLASS = YES_ERROR;
				CLANG_WARN_RANGE_LOOP_ANALYSIS = YES;
				CLANG_WARN_STRICT_PROTOTYPES = YES;
				CLANG_WARN_SUSPICIOUS_MOVE = YES;
				CLANG_WARN_SUSPICIOUS_MOVES = YES;
				CLANG_WARN_UNREACHABLE_CODE = YES;
				CLANG_WARN__DUPLICATE_METHOD_MATCH = YES;
				"CODE_SIGN_IDENTITY[sdk=iphoneos*]" = "iPhone Developer";
				COPY_PHASE_STRIP = NO;
				DEBUG_INFORMATION_FORMAT = dwarf;
				ENABLE_STRICT_OBJC_MSGSEND = YES;
				ENABLE_TESTABILITY = YES;
				EXCLUDED_ARCHS = "";
				GCC_C_LANGUAGE_STANDARD = gnu99;
				GCC_DYNAMIC_NO_PIC = NO;
				GCC_NO_COMMON_BLOCKS = YES;
				GCC_OPTIMIZATION_LEVEL = 0;
				GCC_PREPROCESSOR_DEFINITIONS = (
					"DEBUG=1",
					"$(inherited)",
				);
				GCC_WARN_64_TO_32_BIT_CONVERSION = YES;
				GCC_WARN_ABOUT_RETURN_TYPE = YES_ERROR;
				GCC_WARN_UNDECLARED_SELECTOR = YES;
				GCC_WARN_UNINITIALIZED_AUTOS = YES_AGGRESSIVE;
				GCC_WARN_UNUSED_FUNCTION = YES;
				GCC_WARN_UNUSED_VARIABLE = YES;
				INSTALL_PATH = "$(LOCAL_APPS_DIR)";
				IPHONEOS_DEPLOYMENT_TARGET = 15.6;
				MTL_ENABLE_DEBUG_INFO = YES;
				ONLY_ACTIVE_ARCH = YES;
				SDKROOT = iphoneos;
				SKIP_INSTALL = NO;
				SWIFT_ACTIVE_COMPILATION_CONDITIONS = DEBUG;
				SWIFT_COMPILATION_MODE = wholemodule;
				SWIFT_OPTIMIZATION_LEVEL = "-O";
			};
			name = Debug;
		};
		417C38DD1DDA43FD00F59926 /* Release */ = {
			isa = XCBuildConfiguration;
			buildSettings = {
				ALWAYS_SEARCH_USER_PATHS = NO;
				CLANG_ANALYZER_LOCALIZABILITY_NONLOCALIZED = YES;
				CLANG_ANALYZER_NONNULL = YES;
				CLANG_CXX_LANGUAGE_STANDARD = "gnu++0x";
				CLANG_CXX_LIBRARY = "libc++";
				CLANG_ENABLE_MODULES = YES;
				CLANG_ENABLE_OBJC_ARC = YES;
				CLANG_WARN_BLOCK_CAPTURE_AUTORELEASING = YES;
				CLANG_WARN_BOOL_CONVERSION = YES;
				CLANG_WARN_COMMA = YES;
				CLANG_WARN_CONSTANT_CONVERSION = YES;
				CLANG_WARN_DEPRECATED_OBJC_IMPLEMENTATIONS = YES;
				CLANG_WARN_DIRECT_OBJC_ISA_USAGE = YES_ERROR;
				CLANG_WARN_DOCUMENTATION_COMMENTS = YES;
				CLANG_WARN_EMPTY_BODY = YES;
				CLANG_WARN_ENUM_CONVERSION = YES;
				CLANG_WARN_INFINITE_RECURSION = YES;
				CLANG_WARN_INT_CONVERSION = YES;
				CLANG_WARN_NON_LITERAL_NULL_CONVERSION = YES;
				CLANG_WARN_OBJC_IMPLICIT_RETAIN_SELF = YES;
				CLANG_WARN_OBJC_LITERAL_CONVERSION = YES;
				CLANG_WARN_OBJC_ROOT_CLASS = YES_ERROR;
				CLANG_WARN_RANGE_LOOP_ANALYSIS = YES;
				CLANG_WARN_STRICT_PROTOTYPES = YES;
				CLANG_WARN_SUSPICIOUS_MOVE = YES;
				CLANG_WARN_SUSPICIOUS_MOVES = YES;
				CLANG_WARN_UNREACHABLE_CODE = YES;
				CLANG_WARN__DUPLICATE_METHOD_MATCH = YES;
				"CODE_SIGN_IDENTITY[sdk=iphoneos*]" = "iPhone Developer";
				COPY_PHASE_STRIP = NO;
				DEBUG_INFORMATION_FORMAT = "dwarf-with-dsym";
				ENABLE_NS_ASSERTIONS = NO;
				ENABLE_STRICT_OBJC_MSGSEND = YES;
				EXCLUDED_ARCHS = "";
				GCC_C_LANGUAGE_STANDARD = gnu99;
				GCC_NO_COMMON_BLOCKS = YES;
				GCC_WARN_64_TO_32_BIT_CONVERSION = YES;
				GCC_WARN_ABOUT_RETURN_TYPE = YES_ERROR;
				GCC_WARN_UNDECLARED_SELECTOR = YES;
				GCC_WARN_UNINITIALIZED_AUTOS = YES_AGGRESSIVE;
				GCC_WARN_UNUSED_FUNCTION = YES;
				GCC_WARN_UNUSED_VARIABLE = YES;
				INSTALL_PATH = "$(LOCAL_APPS_DIR)";
				IPHONEOS_DEPLOYMENT_TARGET = 15.6;
				MTL_ENABLE_DEBUG_INFO = NO;
				SDKROOT = iphoneos;
				SKIP_INSTALL = NO;
				SWIFT_COMPILATION_MODE = wholemodule;
				SWIFT_OPTIMIZATION_LEVEL = "-O";
				VALIDATE_PRODUCT = YES;
			};
			name = Release;
		};
		417C38DF1DDA43FD00F59926 /* Debug */ = {
			isa = XCBuildConfiguration;
			baseConfigurationReference = 3EB77C24F7978848084888F9 /* Pods-WeJ.debug.xcconfig */;
			buildSettings = {
				ASSETCATALOG_COMPILER_APPICON_NAME = AppIcon;
				CLANG_ENABLE_MODULES = YES;
				DEVELOPMENT_TEAM = M88ZYQ7793;
				FRAMEWORK_SEARCH_PATHS = (
					"$(inherited)",
					"$(PROJECT_DIR)",
					"$(PROJECT_DIR)/Frameworks",
				);
				INFOPLIST_FILE = "WeJ/Supporting Files/Info.plist";
				INSTALL_PATH = "$(LOCAL_APPS_DIR)";
				IPHONEOS_DEPLOYMENT_TARGET = 15.6;
				LD_RUNPATH_SEARCH_PATHS = (
					"$(inherited)",
					"@executable_path/Frameworks",
					"@loader_path/Frameworks",
				);
				OTHER_LDFLAGS = (
					"$(inherited)",
					"-framework",
					"\"SwiftyJSON\"",
					"-ObjC",
				);
				PRODUCT_BUNDLE_IDENTIFIER = com.github.justajazz.wej;
				PRODUCT_NAME = "$(TARGET_NAME)";
				SWIFT_OBJC_BRIDGING_HEADER = "WeJ-Bridging-Header.h";
				SWIFT_OPTIMIZATION_LEVEL = "-Onone";
				SWIFT_SWIFT3_OBJC_INFERENCE = On;
				SWIFT_VERSION = 4.0;
				SYMROOT = build/Products;
				TARGETED_DEVICE_FAMILY = 1;
			};
			name = Debug;
		};
		417C38E01DDA43FD00F59926 /* Release */ = {
			isa = XCBuildConfiguration;
			baseConfigurationReference = CB810334E004CAA30F9C84CE /* Pods-WeJ.release.xcconfig */;
			buildSettings = {
				ASSETCATALOG_COMPILER_APPICON_NAME = AppIcon;
				CLANG_ENABLE_MODULES = YES;
				DEVELOPMENT_TEAM = M88ZYQ7793;
				FRAMEWORK_SEARCH_PATHS = (
					"$(inherited)",
					"$(PROJECT_DIR)",
					"$(PROJECT_DIR)/Frameworks",
				);
				INFOPLIST_FILE = "WeJ/Supporting Files/Info.plist";
				INSTALL_PATH = "$(LOCAL_APPS_DIR)";
				IPHONEOS_DEPLOYMENT_TARGET = 15.6;
				LD_RUNPATH_SEARCH_PATHS = (
					"$(inherited)",
					"@executable_path/Frameworks",
					"@loader_path/Frameworks",
				);
				OTHER_LDFLAGS = (
					"$(inherited)",
					"-framework",
					"\"SwiftyJSON\"",
					"-ObjC",
				);
				PRODUCT_BUNDLE_IDENTIFIER = com.github.justajazz.wej;
				PRODUCT_NAME = "$(TARGET_NAME)";
				SWIFT_OBJC_BRIDGING_HEADER = "WeJ-Bridging-Header.h";
				SWIFT_SWIFT3_OBJC_INFERENCE = On;
				SWIFT_VERSION = 4.0;
				SYMROOT = build/Products;
				TARGETED_DEVICE_FAMILY = 1;
			};
			name = Release;
		};
/* End XCBuildConfiguration section */

/* Begin XCConfigurationList section */
		417C38C41DDA43FD00F59926 /* Build configuration list for PBXProject "WeJ" */ = {
			isa = XCConfigurationList;
			buildConfigurations = (
				417C38DC1DDA43FD00F59926 /* Debug */,
				417C38DD1DDA43FD00F59926 /* Release */,
			);
			defaultConfigurationIsVisible = 0;
			defaultConfigurationName = Release;
		};
		417C38DE1DDA43FD00F59926 /* Build configuration list for PBXNativeTarget "WeJ" */ = {
			isa = XCConfigurationList;
			buildConfigurations = (
				417C38DF1DDA43FD00F59926 /* Debug */,
				417C38E01DDA43FD00F59926 /* Release */,
			);
			defaultConfigurationIsVisible = 0;
			defaultConfigurationName = Release;
		};
/* End XCConfigurationList section */
	};
	rootObject = 417C38C11DDA43FD00F59926 /* Project object */;
}
